
Microsoft Visual Studio Solution File, Format Version 12.00
# Visual Studio 2013
VisualStudioVersion = 12.0.30723.0
MinimumVisualStudioVersion = 10.0.40219.1
Project("{FAE04EC0-301F-11D3-BF4B-00C04F79EFBC}") = "DocumentDBWebJob", "DocumentDBWebJob\DocumentDBWebJob.csproj", "{18103B7F-5F5D-4734-8E57-52EBD33185AA}"
EndProject
Project("{FAE04EC0-301F-11D3-BF4B-00C04F79EFBC}") = "DocumentDBWebJobTest", "DocumentDBWebJobTest\DocumentDBWebJobTest.csproj", "{6CA3910E-23D7-4F2E-BB4F-5C0ABBB5BFAD}"
EndProject
Global
	GlobalSection(SolutionConfigurationPlatforms) = preSolution
		Debug|Any CPU = Debug|Any CPU
		Release|Any CPU = Release|Any CPU
	EndGlobalSection
	GlobalSection(ProjectConfigurationPlatforms) = postSolution
		{18103B7F-5F5D-4734-8E57-52EBD33185AA}.Debug|Any CPU.ActiveCfg = Debug|Any CPU
		{18103B7F-5F5D-4734-8E57-52EBD33185AA}.Debug|Any CPU.Build.0 = Debug|Any CPU
		{18103B7F-5F5D-4734-8E57-52EBD33185AA}.Release|Any CPU.ActiveCfg = Release|Any CPU
		{18103B7F-5F5D-4734-8E57-52EBD33185AA}.Release|Any CPU.Build.0 = Release|Any CPU
		{6CA3910E-23D7-4F2E-BB4F-5C0ABBB5BFAD}.Debug|Any CPU.ActiveCfg = Debug|Any CPU
		{6CA3910E-23D7-4F2E-BB4F-5C0ABBB5BFAD}.Debug|Any CPU.Build.0 = Debug|Any CPU
		{6CA3910E-23D7-4F2E-BB4F-5C0ABBB5BFAD}.Release|Any CPU.ActiveCfg = Release|Any CPU
		{6CA3910E-23D7-4F2E-BB4F-5C0ABBB5BFAD}.Release|Any CPU.Build.0 = Release|Any CPU
	EndGlobalSection
	GlobalSection(SolutionProperties) = preSolution
		HideSolutionNode = FALSE
	EndGlobalSection
EndGlobal
